
Microsoft Visual Studio Solution File, Format Version 12.00
# Visual Studio Version 16
VisualStudioVersion = 16.0.30717.126
MinimumVisualStudioVersion = 10.0.40219.1
Project("{FAE04EC0-301F-11D3-BF4B-00C04F79EFBC}") = "TessaWebAPI", "TessaWebAPI.csproj", "{2855804C-5EF2-48E9-A04E-2139D24C49AA}"
EndProject
Global
	GlobalSection(SolutionConfigurationPlatforms) = preSolution
		Debug|Any CPU = Debug|Any CPU
		Release|Any CPU = Release|Any CPU
	EndGlobalSection
	GlobalSection(ProjectConfigurationPlatforms) = postSolution
		{2855804C-5EF2-48E9-A04E-2139D24C49AA}.Debug|Any CPU.ActiveCfg = Debug|Any CPU
		{2855804C-5EF2-48E9-A04E-2139D24C49AA}.Debug|Any CPU.Build.0 = Debug|Any CPU
		{2855804C-5EF2-48E9-A04E-2139D24C49AA}.Release|Any CPU.ActiveCfg = Release|Any CPU
		{2855804C-5EF2-48E9-A04E-2139D24C49AA}.Release|Any CPU.Build.0 = Release|Any CPU
	EndGlobalSection
	GlobalSection(SolutionProperties) = preSolution
		HideSolutionNode = FALSE
	EndGlobalSection
	GlobalSection(ExtensibilityGlobals) = postSolution
		SolutionGuid = {166518B9-5F4F-4827-BA74-F46706BE4E07}
	EndGlobalSection
EndGlobal
